
Microsoft Visual Studio Solution File, Format Version 12.00
# Visual Studio Version 17
VisualStudioVersion = 17.0.31903.59
MinimumVisualStudioVersion = 10.0.40219.1
Project("{2150E333-8FDC-42A3-9474-1A3956D46DE8}") = "src", "src", "{827E0CD3-B72D-47B6-A68D-7590B98EB39B}"
EndProject
Project("{FAE04EC0-301F-11D3-BF4B-00C04F79EFBC}") = "LemonTodo.Domain", "src\LemonTodo.Domain\LemonTodo.Domain.csproj", "{C5389404-26C4-46D7-B1F8-8B4E9CF3BA3A}"
EndProject
Project("{FAE04EC0-301F-11D3-BF4B-00C04F79EFBC}") = "LemonTodo.Application", "src\LemonTodo.Application\LemonTodo.Application.csproj", "{10642592-6107-4BAA-97F4-4FC7FBB17002}"
EndProject
Project("{FAE04EC0-301F-11D3-BF4B-00C04F79EFBC}") = "LemonTodo.Infrastructure", "src\LemonTodo.Infrastructure\LemonTodo.Infrastructure.csproj", "{EC183DCB-6D01-4737-BAED-3669BB93F23A}"
EndProject
Project("{FAE04EC0-301F-11D3-BF4B-00C04F79EFBC}") = "LemonTodo.Api", "src\LemonTodo.Api\LemonTodo.Api.csproj", "{1C115BD4-7D64-4B79-A570-931766D1CD0E}"
EndProject
Project("{FAE04EC0-301F-11D3-BF4B-00C04F79EFBC}") = "LemonTodo.Domain.Tests", "tests\LemonTodo.Domain.Tests\LemonTodo.Domain.Tests.csproj", "{B2569D99-1C59-40DD-A4A2-2AD0500598E6}"
EndProject
Project("{FAE04EC0-301F-11D3-BF4B-00C04F79EFBC}") = "LemonTodo.Application.Tests", "tests\LemonTodo.Application.Tests\LemonTodo.Application.Tests.csproj", "{3F209745-F023-4F0E-B5D0-D8FEDD4A69C9}"
EndProject
Project("{FAE04EC0-301F-11D3-BF4B-00C04F79EFBC}") = "LemonTodo.Infrastructure.Tests", "tests\LemonTodo.Infrastructure.Tests\LemonTodo.Infrastructure.Tests.csproj", "{115CAB9E-95DC-46E3-8626-C75BAB0C5FAC}"
EndProject
Project("{FAE04EC0-301F-11D3-BF4B-00C04F79EFBC}") = "LemonTodo.Api.Tests", "tests\LemonTodo.Api.Tests\LemonTodo.Api.Tests.csproj", "{985C2A3A-3480-4422-A229-FD4210732821}"
EndProject
Global
	GlobalSection(SolutionConfigurationPlatforms) = preSolution
		Debug|Any CPU = Debug|Any CPU
		Debug|x64 = Debug|x64
		Debug|x86 = Debug|x86
		Release|Any CPU = Release|Any CPU
		Release|x64 = Release|x64
		Release|x86 = Release|x86
	EndGlobalSection
	GlobalSection(ProjectConfigurationPlatforms) = postSolution
		{C5389404-26C4-46D7-B1F8-8B4E9CF3BA3A}.Debug|Any CPU.ActiveCfg = Debug|Any CPU
		{C5389404-26C4-46D7-B1F8-8B4E9CF3BA3A}.Debug|Any CPU.Build.0 = Debug|Any CPU
		{C5389404-26C4-46D7-B1F8-8B4E9CF3BA3A}.Debug|x64.ActiveCfg = Debug|Any CPU
		{C5389404-26C4-46D7-B1F8-8B4E9CF3BA3A}.Debug|x64.Build.0 = Debug|Any CPU
		{C5389404-26C4-46D7-B1F8-8B4E9CF3BA3A}.Debug|x86.ActiveCfg = Debug|Any CPU
		{C5389404-26C4-46D7-B1F8-8B4E9CF3BA3A}.Debug|x86.Build.0 = Debug|Any CPU
		{C5389404-26C4-46D7-B1F8-8B4E9CF3BA3A}.Release|Any CPU.ActiveCfg = Release|Any CPU
		{C5389404-26C4-46D7-B1F8-8B4E9CF3BA3A}.Release|Any CPU.Build.0 = Release|Any CPU
		{C5389404-26C4-46D7-B1F8-8B4E9CF3BA3A}.Release|x64.ActiveCfg = Release|Any CPU
		{C5389404-26C4-46D7-B1F8-8B4E9CF3BA3A}.Release|x64.Build.0 = Release|Any CPU
		{C5389404-26C4-46D7-B1F8-8B4E9CF3BA3A}.Release|x86.ActiveCfg = Release|Any CPU
		{C5389404-26C4-46D7-B1F8-8B4E9CF3BA3A}.Release|x86.Build.0 = Release|Any CPU
		{10642592-6107-4BAA-97F4-4FC7FBB17002}.Debug|Any CPU.ActiveCfg = Debug|Any CPU
		{10642592-6107-4BAA-97F4-4FC7FBB17002}.Debug|Any CPU.Build.0 = Debug|Any CPU
		{10642592-6107-4BAA-97F4-4FC7FBB17002}.Debug|x64.ActiveCfg = Debug|Any CPU
		{10642592-6107-4BAA-97F4-4FC7FBB17002}.Debug|x64.Build.0 = Debug|Any CPU
		{10642592-6107-4BAA-97F4-4FC7FBB17002}.Debug|x86.ActiveCfg = Debug|Any CPU
		{10642592-6107-4BAA-97F4-4FC7FBB17002}.Debug|x86.Build.0 = Debug|Any CPU
		{10642592-6107-4BAA-97F4-4FC7FBB17002}.Release|Any CPU.ActiveCfg = Release|Any CPU
		{10642592-6107-4BAA-97F4-4FC7FBB17002}.Release|Any CPU.Build.0 = Release|Any CPU
		{10642592-6107-4BAA-97F4-4FC7FBB17002}.Release|x64.ActiveCfg = Release|Any CPU
		{10642592-6107-4BAA-97F4-4FC7FBB17002}.Release|x64.Build.0 = Release|Any CPU
		{10642592-6107-4BAA-97F4-4FC7FBB17002}.Release|x86.ActiveCfg = Release|Any CPU
		{10642592-6107-4BAA-97F4-4FC7FBB17002}.Release|x86.Build.0 = Release|Any CPU
		{EC183DCB-6D01-4737-BAED-3669BB93F23A}.Debug|Any CPU.ActiveCfg = Debug|Any CPU
		{EC183DCB-6D01-4737-BAED-3669BB93F23A}.Debug|Any CPU.Build.0 = Debug|Any CPU
		{EC183DCB-6D01-4737-BAED-3669BB93F23A}.Debug|x64.ActiveCfg = Debug|Any CPU
		{EC183DCB-6D01-4737-BAED-3669BB93F23A}.Debug|x64.Build.0 = Debug|Any CPU
		{EC183DCB-6D01-4737-BAED-3669BB93F23A}.Debug|x86.ActiveCfg = Debug|Any CPU
		{EC183DCB-6D01-4737-BAED-3669BB93F23A}.Debug|x86.Build.0 = Debug|Any CPU
		{EC183DCB-6D01-4737-BAED-3669BB93F23A}.Release|Any CPU.ActiveCfg = Release|Any CPU
		{EC183DCB-6D01-4737-BAED-3669BB93F23A}.Release|Any CPU.Build.0 = Release|Any CPU
		{EC183DCB-6D01-4737-BAED-3669BB93F23A}.Release|x64.ActiveCfg = Release|Any CPU
		{EC183DCB-6D01-4737-BAED-3669BB93F23A}.Release|x64.Build.0 = Release|Any CPU
		{EC183DCB-6D01-4737-BAED-3669BB93F23A}.Release|x86.ActiveCfg = Release|Any CPU
		{EC183DCB-6D01-4737-BAED-3669BB93F23A}.Release|x86.Build.0 = Release|Any CPU
		{1C115BD4-7D64-4B79-A570-931766D1CD0E}.Debug|Any CPU.ActiveCfg = Debug|Any CPU
		{1C115BD4-7D64-4B79-A570-931766D1CD0E}.Debug|Any CPU.Build.0 = Debug|Any CPU
		{1C115BD4-7D64-4B79-A570-931766D1CD0E}.Debug|x64.ActiveCfg = Debug|Any CPU
		{1C115BD4-7D64-4B79-A570-931766D1CD0E}.Debug|x64.Build.0 = Debug|Any CPU
		{1C115BD4-7D64-4B79-A570-931766D1CD0E}.Debug|x86.ActiveCfg = Debug|Any CPU
		{1C115BD4-7D64-4B79-A570-931766D1CD0E}.Debug|x86.Build.0 = Debug|Any CPU
		{1C115BD4-7D64-4B79-A570-931766D1CD0E}.Release|Any CPU.ActiveCfg = Release|Any CPU
		{1C115BD4-7D64-4B79-A570-931766D1CD0E}.Release|Any CPU.Build.0 = Release|Any CPU
		{1C115BD4-7D64-4B79-A570-931766D1CD0E}.Release|x64.ActiveCfg = Release|Any CPU
		{1C115BD4-7D64-4B79-A570-931766D1CD0E}.Release|x64.Build.0 = Release|Any CPU
		{1C115BD4-7D64-4B79-A570-931766D1CD0E}.Release|x86.ActiveCfg = Release|Any CPU
		{1C115BD4-7D64-4B79-A570-931766D1CD0E}.Release|x86.Build.0 = Release|Any CPU
		{B2569D99-1C59-40DD-A4A2-2AD0500598E6}.Debug|Any CPU.ActiveCfg = Debug|Any CPU
		{B2569D99-1C59-40DD-A4A2-2AD0500598E6}.Debug|Any CPU.Build.0 = Debug|Any CPU
		{B2569D99-1C59-40DD-A4A2-2AD0500598E6}.Debug|x64.ActiveCfg = Debug|Any CPU
		{B2569D99-1C59-40DD-A4A2-2AD0500598E6}.Debug|x64.Build.0 = Debug|Any CPU
		{B2569D99-1C59-40DD-A4A2-2AD0500598E6}.Debug|x86.ActiveCfg = Debug|Any CPU
		{B2569D99-1C59-40DD-A4A2-2AD0500598E6}.Debug|x86.Build.0 = Debug|Any CPU
		{B2569D99-1C59-40DD-A4A2-2AD0500598E6}.Release|Any CPU.ActiveCfg = Release|Any CPU
		{B2569D99-1C59-40DD-A4A2-2AD0500598E6}.Release|Any CPU.Build.0 = Release|Any CPU
		{B2569D99-1C59-40DD-A4A2-2AD0500598E6}.Release|x64.ActiveCfg = Release|Any CPU
		{B2569D99-1C59-40DD-A4A2-2AD0500598E6}.Release|x64.Build.0 = Release|Any CPU
		{B2569D99-1C59-40DD-A4A2-2AD0500598E6}.Release|x86.ActiveCfg = Release|Any CPU
		{B2569D99-1C59-40DD-A4A2-2AD0500598E6}.Release|x86.Build.0 = Release|Any CPU
		{3F209745-F023-4F0E-B5D0-D8FEDD4A69C9}.Debug|Any CPU.ActiveCfg = Debug|Any CPU
		{3F209745-F023-4F0E-B5D0-D8FEDD4A69C9}.Debug|Any CPU.Build.0 = Debug|Any CPU
		{3F209745-F023-4F0E-B5D0-D8FEDD4A69C9}.Debug|x64.ActiveCfg = Debug|Any CPU
		{3F209745-F023-4F0E-B5D0-D8FEDD4A69C9}.Debug|x64.Build.0 = Debug|Any CPU
		{3F209745-F023-4F0E-B5D0-D8FEDD4A69C9}.Debug|x86.ActiveCfg = Debug|Any CPU
		{3F209745-F023-4F0E-B5D0-D8FEDD4A69C9}.Debug|x86.Build.0 = Debug|Any CPU
		{3F209745-F023-4F0E-B5D0-D8FEDD4A69C9}.Release|Any CPU.ActiveCfg = Release|Any CPU
		{3F209745-F023-4F0E-B5D0-D8FEDD4A69C9}.Release|Any CPU.Build.0 = Release|Any CPU
		{3F209745-F023-4F0E-B5D0-D8FEDD4A69C9}.Release|x64.ActiveCfg = Release|Any CPU
		{3F209745-F023-4F0E-B5D0-D8FEDD4A69C9}.Release|x64.Build.0 = Release|Any CPU
		{3F209745-F023-4F0E-B5D0-D8FEDD4A69C9}.Release|x86.ActiveCfg = Release|Any CPU
		{3F209745-F023-4F0E-B5D0-D8FEDD4A69C9}.Release|x86.Build.0 = Release|Any CPU
		{115CAB9E-95DC-46E3-8626-C75BAB0C5FAC}.Debug|Any CPU.ActiveCfg = Debug|Any CPU
		{115CAB9E-95DC-46E3-8626-C75BAB0C5FAC}.Debug|Any CPU.Build.0 = Debug|Any CPU
		{115CAB9E-95DC-46E3-8626-C75BAB0C5FAC}.Debug|x64.ActiveCfg = Debug|Any CPU
		{115CAB9E-95DC-46E3-8626-C75BAB0C5FAC}.Debug|x64.Build.0 = Debug|Any CPU
		{115CAB9E-95DC-46E3-8626-C75BAB0C5FAC}.Debug|x86.ActiveCfg = Debug|Any CPU
		{115CAB9E-95DC-46E3-8626-C75BAB0C5FAC}.Debug|x86.Build.0 = Debug|Any CPU
		{115CAB9E-95DC-46E3-8626-C75BAB0C5FAC}.Release|Any CPU.ActiveCfg = Release|Any CPU
		{115CAB9E-95DC-46E3-8626-C75BAB0C5FAC}.Release|Any CPU.Build.0 = Release|Any CPU
		{115CAB9E-95DC-46E3-8626-C75BAB0C5FAC}.Release|x64.ActiveCfg = Release|Any CPU
		{115CAB9E-95DC-46E3-8626-C75BAB0C5FAC}.Release|x64.Build.0 = Release|Any CPU
		{115CAB9E-95DC-46E3-8626-C75BAB0C5FAC}.Release|x86.ActiveCfg = Release|Any CPU
		{115CAB9E-95DC-46E3-8626-C75BAB0C5FAC}.Release|x86.Build.0 = Release|Any CPU
		{985C2A3A-3480-4422-A229-FD4210732821}.Debug|Any CPU.ActiveCfg = Debug|Any CPU
		{985C2A3A-3480-4422-A229-FD4210732821}.Debug|Any CPU.Build.0 = Debug|Any CPU
		{985C2A3A-3480-4422-A229-FD4210732821}.Debug|x64.ActiveCfg = Debug|Any CPU
		{985C2A3A-3480-4422-A229-FD4210732821}.Debug|x64.Build.0 = Debug|Any CPU
		{985C2A3A-3480-4422-A229-FD4210732821}.Debug|x86.ActiveCfg = Debug|Any CPU
		{985C2A3A-3480-4422-A229-FD4210732821}.Debug|x86.Build.0 = Debug|Any CPU
		{985C2A3A-3480-4422-A229-FD4210732821}.Release|Any CPU.ActiveCfg = Release|Any CPU
		{985C2A3A-3480-4422-A229-FD4210732821}.Release|Any CPU.Build.0 = Release|Any CPU
		{985C2A3A-3480-4422-A229-FD4210732821}.Release|x64.ActiveCfg = Release|Any CPU
		{985C2A3A-3480-4422-A229-FD4210732821}.Release|x64.Build.0 = Release|Any CPU
		{985C2A3A-3480-4422-A229-FD4210732821}.Release|x86.ActiveCfg = Release|Any CPU
		{985C2A3A-3480-4422-A229-FD4210732821}.Release|x86.Build.0 = Release|Any CPU
	EndGlobalSection
	GlobalSection(SolutionProperties) = preSolution
		HideSolutionNode = FALSE
	EndGlobalSection
	GlobalSection(NestedProjects) = preSolution
		{C5389404-26C4-46D7-B1F8-8B4E9CF3BA3A} = {827E0CD3-B72D-47B6-A68D-7590B98EB39B}
		{10642592-6107-4BAA-97F4-4FC7FBB17002} = {827E0CD3-B72D-47B6-A68D-7590B98EB39B}
		{EC183DCB-6D01-4737-BAED-3669BB93F23A} = {827E0CD3-B72D-47B6-A68D-7590B98EB39B}
		{1C115BD4-7D64-4B79-A570-931766D1CD0E} = {827E0CD3-B72D-47B6-A68D-7590B98EB39B}
		{B2569D99-1C59-40DD-A4A2-2AD0500598E6} = {827E0CD3-B72D-47B6-A68D-7590B98EB39B}
		{3F209745-F023-4F0E-B5D0-D8FEDD4A69C9} = {827E0CD3-B72D-47B6-A68D-7590B98EB39B}
		{115CAB9E-95DC-46E3-8626-C75BAB0C5FAC} = {827E0CD3-B72D-47B6-A68D-7590B98EB39B}
		{985C2A3A-3480-4422-A229-FD4210732821} = {827E0CD3-B72D-47B6-A68D-7590B98EB39B}
	EndGlobalSection
EndGlobal
